
Microsoft Visual Studio Solution File, Format Version 12.00
# Visual Studio Version 17
VisualStudioVersion = 17.0.31903.59
MinimumVisualStudioVersion = 10.0.40219.1
Project("{2150E333-8FDC-42A3-9474-1A3956D46DE8}") = "server", "server", "{2B015EE0-7F40-4CD1-91F2-3DD141EF0A23}"
EndProject
Project("{9A19103F-16F7-4668-BE54-9A1E7A4F7556}") = "net48", "server\net48\net48.csproj", "{ADC2438E-EBC9-4900-89B3-4655B3DE187C}"
EndProject
Project("{9A19103F-16F7-4668-BE54-9A1E7A4F7556}") = "dotnet6", "server\dotnet6\dotnet6.csproj", "{C488E2DF-D675-438A-B3A6-02D9CFBC4905}"
EndProject
Project("{9A19103F-16F7-4668-BE54-9A1E7A4F7556}") = "dscom", "..\..\src\dscom\dscom.csproj", "{1F853F7D-2D46-4B70-A2E9-0755EB01E7E6}"
EndProject
Global
	GlobalSection(SolutionConfigurationPlatforms) = preSolution
		Debug|Any CPU = Debug|Any CPU
		Debug|x86 = Debug|x86
		Release|Any CPU = Release|Any CPU
		Release|x86 = Release|x86
	EndGlobalSection
	GlobalSection(ProjectConfigurationPlatforms) = postSolution
		{ADC2438E-EBC9-4900-89B3-4655B3DE187C}.Debug|Any CPU.ActiveCfg = Debug|x64
		{ADC2438E-EBC9-4900-89B3-4655B3DE187C}.Debug|Any CPU.Build.0 = Debug|x64
		{ADC2438E-EBC9-4900-89B3-4655B3DE187C}.Debug|x86.ActiveCfg = Debug|Any CPU
		{ADC2438E-EBC9-4900-89B3-4655B3DE187C}.Debug|x86.Build.0 = Debug|Any CPU
		{ADC2438E-EBC9-4900-89B3-4655B3DE187C}.Release|Any CPU.ActiveCfg = Release|Any CPU
		{ADC2438E-EBC9-4900-89B3-4655B3DE187C}.Release|Any CPU.Build.0 = Release|Any CPU
		{ADC2438E-EBC9-4900-89B3-4655B3DE187C}.Release|x86.ActiveCfg = Release|Any CPU
		{ADC2438E-EBC9-4900-89B3-4655B3DE187C}.Release|x86.Build.0 = Release|Any CPU
		{C488E2DF-D675-438A-B3A6-02D9CFBC4905}.Debug|Any CPU.ActiveCfg = Debug|Any CPU
		{C488E2DF-D675-438A-B3A6-02D9CFBC4905}.Debug|Any CPU.Build.0 = Debug|Any CPU
		{C488E2DF-D675-438A-B3A6-02D9CFBC4905}.Debug|x86.ActiveCfg = Debug|Any CPU
		{C488E2DF-D675-438A-B3A6-02D9CFBC4905}.Debug|x86.Build.0 = Debug|Any CPU
		{C488E2DF-D675-438A-B3A6-02D9CFBC4905}.Release|Any CPU.ActiveCfg = Release|Any CPU
		{C488E2DF-D675-438A-B3A6-02D9CFBC4905}.Release|Any CPU.Build.0 = Release|Any CPU
		{C488E2DF-D675-438A-B3A6-02D9CFBC4905}.Release|x86.ActiveCfg = Release|Any CPU
		{C488E2DF-D675-438A-B3A6-02D9CFBC4905}.Release|x86.Build.0 = Release|Any CPU
		{1F853F7D-2D46-4B70-A2E9-0755EB01E7E6}.Debug|Any CPU.ActiveCfg = Debug|Any CPU
		{1F853F7D-2D46-4B70-A2E9-0755EB01E7E6}.Debug|Any CPU.Build.0 = Debug|Any CPU
		{1F853F7D-2D46-4B70-A2E9-0755EB01E7E6}.Debug|x86.ActiveCfg = Debug|x86
		{1F853F7D-2D46-4B70-A2E9-0755EB01E7E6}.Debug|x86.Build.0 = Debug|x86
		{1F853F7D-2D46-4B70-A2E9-0755EB01E7E6}.Release|Any CPU.ActiveCfg = Release|Any CPU
		{1F853F7D-2D46-4B70-A2E9-0755EB01E7E6}.Release|Any CPU.Build.0 = Release|Any CPU
		{1F853F7D-2D46-4B70-A2E9-0755EB01E7E6}.Release|x86.ActiveCfg = Release|x86
		{1F853F7D-2D46-4B70-A2E9-0755EB01E7E6}.Release|x86.Build.0 = Release|x86
	EndGlobalSection
	GlobalSection(SolutionProperties) = preSolution
		HideSolutionNode = FALSE
	EndGlobalSection
	GlobalSection(NestedProjects) = preSolution
		{ADC2438E-EBC9-4900-89B3-4655B3DE187C} = {2B015EE0-7F40-4CD1-91F2-3DD141EF0A23}
		{C488E2DF-D675-438A-B3A6-02D9CFBC4905} = {2B015EE0-7F40-4CD1-91F2-3DD141EF0A23}
	EndGlobalSection
	GlobalSection(ExtensibilityGlobals) = postSolution
		SolutionGuid = {3A25F7FE-6881-4408-AC73-0BC79971FEC1}
	EndGlobalSection
EndGlobal
